{
  "version": 4,
  "terraform_version": "1.9.2",
  "serial": 154,
  "lineage": "554dae79-8dca-6a76-f128-b750420fadc2",
  "outputs": {
    "vm_ip": {
      "value": {
        "vm-1": "192.168.10.17",
        "vm-2": "192.168.10.26",
        "vm-3": "192.168.10.22"
      },
      "type": [
        "object",
        {
          "vm-1": "string",
          "vm-2": "string",
          "vm-3": "string"
        }
      ]
    },
    "vm_nat_ip": {
      "value": {
        "vm-1": "158.160.96.128",
        "vm-2": "158.160.97.54",
        "vm-3": "89.169.149.16"
      },
      "type": [
        "object",
        {
          "vm-1": "string",
          "vm-2": "string",
          "vm-3": "string"
        }
      ]
    }
  },
  "resources": [
    {
      "mode": "data",
      "type": "yandex_vpc_network",
      "name": "default",
      "provider": "provider[\"registry.terraform.io/yandex-cloud/yandex\"]",
      "instances": [
        {
          "schema_version": 0,
          "attributes": {
            "created_at": "2024-11-15T19:23:38Z",
            "default_security_group_id": "enpmpcg4sc1lkvvs7ujg",
            "description": "Auto-created network",
            "folder_id": "b1gqi50bu59pa5i0h911",
            "id": "enporh5p8os0q0m0r16k",
            "labels": {},
            "name": "default",
            "network_id": "enporh5p8os0q0m0r16k",
            "subnet_ids": [
              "e2l9d01okiiqv683p145",
              "e9bkpaml4mijvor24j2n",
              "fl8768m42c50bupmimsu"
            ]
          },
          "sensitive_attributes": []
        }
      ]
    },
    {
      "mode": "managed",
      "type": "yandex_compute_instance",
      "name": "virtual_machine",
      "provider": "provider[\"registry.terraform.io/yandex-cloud/yandex\"]",
      "instances": [
        {
          "index_key": "vm-1",
          "schema_version": 1,
          "attributes": {
            "allow_recreate": null,
            "allow_stopping_for_update": null,
            "boot_disk": [
              {
                "auto_delete": true,
                "device_name": "fhmpi3q4fla1n4230ar5",
                "disk_id": "fhmpi3q4fla1n4230ar5",
                "initialize_params": [
                  {
                    "block_size": 4096,
                    "description": "",
                    "image_id": "fd86601pa1f50ta9dffg",
                    "kms_key_id": "",
                    "name": "",
                    "size": 20,
                    "snapshot_id": "",
                    "type": "network-hdd"
                  }
                ],
                "mode": "READ_WRITE"
              }
            ],
            "created_at": "2025-05-03T08:53:58Z",
            "description": "",
            "filesystem": [],
            "folder_id": "b1gqi50bu59pa5i0h911",
            "fqdn": "fhmgu6pp982i2rph09ej.auto.internal",
            "gpu_cluster_id": "",
            "hardware_generation": [
              {
                "generation2_features": [],
                "legacy_features": [
                  {
                    "pci_topology": "PCI_TOPOLOGY_V1"
                  }
                ]
              }
            ],
            "hostname": "",
            "id": "fhmgu6pp982i2rph09ej",
            "labels": null,
            "local_disk": [],
            "maintenance_grace_period": "",
            "maintenance_policy": null,
            "metadata": {
              "user-data": "#cloud-config\nusers:\n  - name: vintus\n    groups: sudo\n    shell: /bin/bash\n    sudo: ['ALL=(ALL) NOPASSWD:ALL']  # Даёт права root без пароля\n    ssh_authorized_keys:\n      - ssh-rsa AAAAB3NzaC1yc2EAAAADAQABAAACAQC3ztierpUp4xCnFYUWwlq4P1IJPPbmFlKIcmmwetHxtdiZX0qPuJgi27ncYlE0Tm7aDTUbG0vg5tBFc5K6DGyn86ygagLKbsI4nUyPSD4YB0Yb/CnGsP/rITfk/oZn3dETt2/hnbSvaNIE8+grJNepCG9yL3nPkiwJZ55Vnfs6C83jb3UZHhScjR51TZ7VRJlTO0qx4BrV47OwtPz3kQ2Au4kvowf4qPtOd3W8w1AFXvDs3zAxGSm9GnoVGVpvdeRc2+NwM54IaU0Tv9hQA2Yi/swlMB7Ti30G3orDcXrCHOTQRIGffPNgNgx1RtswkayeHk90DqxQ/Tk2N5l74M7FjtlnWA2MlmKdLfNTspJUdpqfFlEHzYsQdwW7M9SDwUGNhkCTJUY2hKzF9DmoWJSNIqHZXBfEp2rMv9tenR7Q5RbRKMGTc54xawF+zAgVM+Aa+5W2zcFIapeignx0BcppFu5maEjq8Drk8xOPCfk/iMGVE80d/qX2QvTiLaMj05LN4hkgqP+a1iStRERU7vX9ycLkMGxdfIj/vg+95/q64umh4FZd2s0hcQtIx0M4rpXicep/aJdr+a0p9OYgw5PZi8pOR32ietgIlbFNbe5CXyUu2A7LTOh11ieKUBDzO7Oui+opx1d0TXgWlIDWtC4UI7qjVmJsDkS0m7H1AP+eiQ== Generated By Termius\n\n  # Ваш публичный ключ\n# Отключаем вход по паролю для root (опционально)\ndisable_root: true\n"
            },
            "metadata_options": [
              {
                "aws_v1_http_endpoint": 1,
                "aws_v1_http_token": 2,
                "gce_http_endpoint": 1,
                "gce_http_token": 1
              }
            ],
            "name": "ubuntu-24-04-lts",
            "network_acceleration_type": "standard",
            "network_interface": [
              {
                "dns_record": [],
                "index": 0,
                "ip_address": "192.168.10.17",
                "ipv4": true,
                "ipv6": false,
                "ipv6_address": "",
                "ipv6_dns_record": [],
                "mac_address": "d0:0d:10:f1:b3:94",
                "nat": true,
                "nat_dns_record": [],
                "nat_ip_address": "158.160.96.128",
                "nat_ip_version": "IPV4",
                "security_group_ids": [],
                "subnet_id": "e9bcbc5jc27jav2vt57m"
              }
            ],
            "placement_policy": [
              {
                "host_affinity_rules": [],
                "placement_group_id": "",
                "placement_group_partition": 0
              }
            ],
            "platform_id": "standard-v1",
            "resources": [
              {
                "core_fraction": 100,
                "cores": 2,
                "gpus": 0,
                "memory": 2
              }
            ],
            "scheduling_policy": [
              {
                "preemptible": false
              }
            ],
            "secondary_disk": [],
            "service_account_id": "",
            "status": "running",
            "timeouts": null,
            "zone": "ru-central1-a"
          },
          "sensitive_attributes": [],
          "private": "eyJlMmJmYjczMC1lY2FhLTExZTYtOGY4OC0zNDM2M2JjN2M0YzAiOnsiY3JlYXRlIjozMDAwMDAwMDAwMDAsImRlbGV0ZSI6MzAwMDAwMDAwMDAwLCJ1cGRhdGUiOjMwMDAwMDAwMDAwMH0sInNjaGVtYV92ZXJzaW9uIjoiMSJ9",
          "dependencies": [
            "data.yandex_vpc_network.default",
            "yandex_vpc_subnet.default"
          ]
        },
        {
          "index_key": "vm-2",
          "schema_version": 1,
          "attributes": {
            "allow_recreate": null,
            "allow_stopping_for_update": null,
            "boot_disk": [
              {
                "auto_delete": true,
                "device_name": "fhmipos3t3vp8qqe9pob",
                "disk_id": "fhmipos3t3vp8qqe9pob",
                "initialize_params": [
                  {
                    "block_size": 4096,
                    "description": "",
                    "image_id": "fd86601pa1f50ta9dffg",
                    "kms_key_id": "",
                    "name": "",
                    "size": 20,
                    "snapshot_id": "",
                    "type": "network-hdd"
                  }
                ],
                "mode": "READ_WRITE"
              }
            ],
            "created_at": "2025-05-03T08:53:58Z",
            "description": "",
            "filesystem": [],
            "folder_id": "b1gqi50bu59pa5i0h911",
            "fqdn": "fhma61q3hhru2k583krl.auto.internal",
            "gpu_cluster_id": "",
            "hardware_generation": [
              {
                "generation2_features": [],
                "legacy_features": [
                  {
                    "pci_topology": "PCI_TOPOLOGY_V1"
                  }
                ]
              }
            ],
            "hostname": "",
            "id": "fhma61q3hhru2k583krl",
            "labels": null,
            "local_disk": [],
            "maintenance_grace_period": "",
            "maintenance_policy": null,
            "metadata": {
              "user-data": "#cloud-config\nusers:\n  - name: vintus\n    groups: sudo\n    shell: /bin/bash\n    sudo: ['ALL=(ALL) NOPASSWD:ALL']  # Даёт права root без пароля\n    ssh_authorized_keys:\n      - ssh-rsa AAAAB3NzaC1yc2EAAAADAQABAAACAQC3ztierpUp4xCnFYUWwlq4P1IJPPbmFlKIcmmwetHxtdiZX0qPuJgi27ncYlE0Tm7aDTUbG0vg5tBFc5K6DGyn86ygagLKbsI4nUyPSD4YB0Yb/CnGsP/rITfk/oZn3dETt2/hnbSvaNIE8+grJNepCG9yL3nPkiwJZ55Vnfs6C83jb3UZHhScjR51TZ7VRJlTO0qx4BrV47OwtPz3kQ2Au4kvowf4qPtOd3W8w1AFXvDs3zAxGSm9GnoVGVpvdeRc2+NwM54IaU0Tv9hQA2Yi/swlMB7Ti30G3orDcXrCHOTQRIGffPNgNgx1RtswkayeHk90DqxQ/Tk2N5l74M7FjtlnWA2MlmKdLfNTspJUdpqfFlEHzYsQdwW7M9SDwUGNhkCTJUY2hKzF9DmoWJSNIqHZXBfEp2rMv9tenR7Q5RbRKMGTc54xawF+zAgVM+Aa+5W2zcFIapeignx0BcppFu5maEjq8Drk8xOPCfk/iMGVE80d/qX2QvTiLaMj05LN4hkgqP+a1iStRERU7vX9ycLkMGxdfIj/vg+95/q64umh4FZd2s0hcQtIx0M4rpXicep/aJdr+a0p9OYgw5PZi8pOR32ietgIlbFNbe5CXyUu2A7LTOh11ieKUBDzO7Oui+opx1d0TXgWlIDWtC4UI7qjVmJsDkS0m7H1AP+eiQ== Generated By Termius\n\n  # Ваш публичный ключ\n# Отключаем вход по паролю для root (опционально)\ndisable_root: true\n"
            },
            "metadata_options": [
              {
                "aws_v1_http_endpoint": 1,
                "aws_v1_http_token": 2,
                "gce_http_endpoint": 1,
                "gce_http_token": 1
              }
            ],
            "name": "ubuntu-24-04-lts-2",
            "network_acceleration_type": "standard",
            "network_interface": [
              {
                "dns_record": [],
                "index": 0,
                "ip_address": "192.168.10.26",
                "ipv4": true,
                "ipv6": false,
                "ipv6_address": "",
                "ipv6_dns_record": [],
                "mac_address": "d0:0d:a3:07:43:8c",
                "nat": true,
                "nat_dns_record": [],
                "nat_ip_address": "158.160.97.54",
                "nat_ip_version": "IPV4",
                "security_group_ids": [],
                "subnet_id": "e9bcbc5jc27jav2vt57m"
              }
            ],
            "placement_policy": [
              {
                "host_affinity_rules": [],
                "placement_group_id": "",
                "placement_group_partition": 0
              }
            ],
            "platform_id": "standard-v1",
            "resources": [
              {
                "core_fraction": 100,
                "cores": 2,
                "gpus": 0,
                "memory": 2
              }
            ],
            "scheduling_policy": [
              {
                "preemptible": false
              }
            ],
            "secondary_disk": [],
            "service_account_id": "",
            "status": "running",
            "timeouts": null,
            "zone": "ru-central1-a"
          },
          "sensitive_attributes": [],
          "private": "eyJlMmJmYjczMC1lY2FhLTExZTYtOGY4OC0zNDM2M2JjN2M0YzAiOnsiY3JlYXRlIjozMDAwMDAwMDAwMDAsImRlbGV0ZSI6MzAwMDAwMDAwMDAwLCJ1cGRhdGUiOjMwMDAwMDAwMDAwMH0sInNjaGVtYV92ZXJzaW9uIjoiMSJ9",
          "dependencies": [
            "data.yandex_vpc_network.default",
            "yandex_vpc_subnet.default"
          ]
        },
        {
          "index_key": "vm-3",
          "schema_version": 1,
          "attributes": {
            "allow_recreate": null,
            "allow_stopping_for_update": null,
            "boot_disk": [
              {
                "auto_delete": true,
                "device_name": "fhmaqpgncpothapvt35u",
                "disk_id": "fhmaqpgncpothapvt35u",
                "initialize_params": [
                  {
                    "block_size": 4096,
                    "description": "",
                    "image_id": "fd86601pa1f50ta9dffg",
                    "kms_key_id": "",
                    "name": "",
                    "size": 20,
                    "snapshot_id": "",
                    "type": "network-hdd"
                  }
                ],
                "mode": "READ_WRITE"
              }
            ],
            "created_at": "2025-05-03T08:53:58Z",
            "description": "",
            "filesystem": [],
            "folder_id": "b1gqi50bu59pa5i0h911",
            "fqdn": "fhm7g1bvavnu0v37uelj.auto.internal",
            "gpu_cluster_id": "",
            "hardware_generation": [
              {
                "generation2_features": [],
                "legacy_features": [
                  {
                    "pci_topology": "PCI_TOPOLOGY_V1"
                  }
                ]
              }
            ],
            "hostname": "",
            "id": "fhm7g1bvavnu0v37uelj",
            "labels": null,
            "local_disk": [],
            "maintenance_grace_period": "",
            "maintenance_policy": null,
            "metadata": {
              "user-data": "#cloud-config\nusers:\n  - name: vintus\n    groups: sudo\n    shell: /bin/bash\n    sudo: ['ALL=(ALL) NOPASSWD:ALL']  # Даёт права root без пароля\n    ssh_authorized_keys:\n      - ssh-rsa AAAAB3NzaC1yc2EAAAADAQABAAACAQC3ztierpUp4xCnFYUWwlq4P1IJPPbmFlKIcmmwetHxtdiZX0qPuJgi27ncYlE0Tm7aDTUbG0vg5tBFc5K6DGyn86ygagLKbsI4nUyPSD4YB0Yb/CnGsP/rITfk/oZn3dETt2/hnbSvaNIE8+grJNepCG9yL3nPkiwJZ55Vnfs6C83jb3UZHhScjR51TZ7VRJlTO0qx4BrV47OwtPz3kQ2Au4kvowf4qPtOd3W8w1AFXvDs3zAxGSm9GnoVGVpvdeRc2+NwM54IaU0Tv9hQA2Yi/swlMB7Ti30G3orDcXrCHOTQRIGffPNgNgx1RtswkayeHk90DqxQ/Tk2N5l74M7FjtlnWA2MlmKdLfNTspJUdpqfFlEHzYsQdwW7M9SDwUGNhkCTJUY2hKzF9DmoWJSNIqHZXBfEp2rMv9tenR7Q5RbRKMGTc54xawF+zAgVM+Aa+5W2zcFIapeignx0BcppFu5maEjq8Drk8xOPCfk/iMGVE80d/qX2QvTiLaMj05LN4hkgqP+a1iStRERU7vX9ycLkMGxdfIj/vg+95/q64umh4FZd2s0hcQtIx0M4rpXicep/aJdr+a0p9OYgw5PZi8pOR32ietgIlbFNbe5CXyUu2A7LTOh11ieKUBDzO7Oui+opx1d0TXgWlIDWtC4UI7qjVmJsDkS0m7H1AP+eiQ== Generated By Termius\n\n  # Ваш публичный ключ\n# Отключаем вход по паролю для root (опционально)\ndisable_root: true\n"
            },
            "metadata_options": [
              {
                "aws_v1_http_endpoint": 1,
                "aws_v1_http_token": 2,
                "gce_http_endpoint": 1,
                "gce_http_token": 1
              }
            ],
            "name": "ubuntu-24-04-lts-3",
            "network_acceleration_type": "standard",
            "network_interface": [
              {
                "dns_record": [],
                "index": 0,
                "ip_address": "192.168.10.22",
                "ipv4": true,
                "ipv6": false,
                "ipv6_address": "",
                "ipv6_dns_record": [],
                "mac_address": "d0:0d:78:05:7f:57",
                "nat": true,
                "nat_dns_record": [],
                "nat_ip_address": "89.169.149.16",
                "nat_ip_version": "IPV4",
                "security_group_ids": [],
                "subnet_id": "e9bcbc5jc27jav2vt57m"
              }
            ],
            "placement_policy": [
              {
                "host_affinity_rules": [],
                "placement_group_id": "",
                "placement_group_partition": 0
              }
            ],
            "platform_id": "standard-v1",
            "resources": [
              {
                "core_fraction": 100,
                "cores": 2,
                "gpus": 0,
                "memory": 2
              }
            ],
            "scheduling_policy": [
              {
                "preemptible": false
              }
            ],
            "secondary_disk": [],
            "service_account_id": "",
            "status": "running",
            "timeouts": null,
            "zone": "ru-central1-a"
          },
          "sensitive_attributes": [],
          "private": "eyJlMmJmYjczMC1lY2FhLTExZTYtOGY4OC0zNDM2M2JjN2M0YzAiOnsiY3JlYXRlIjozMDAwMDAwMDAwMDAsImRlbGV0ZSI6MzAwMDAwMDAwMDAwLCJ1cGRhdGUiOjMwMDAwMDAwMDAwMH0sInNjaGVtYV92ZXJzaW9uIjoiMSJ9",
          "dependencies": [
            "data.yandex_vpc_network.default",
            "yandex_vpc_subnet.default"
          ]
        }
      ]
    },
    {
      "mode": "managed",
      "type": "yandex_vpc_subnet",
      "name": "default",
      "provider": "provider[\"registry.terraform.io/yandex-cloud/yandex\"]",
      "instances": [
        {
          "schema_version": 0,
          "attributes": {
            "created_at": "2025-05-03T08:53:58Z",
            "description": "",
            "dhcp_options": [],
            "folder_id": "b1gqi50bu59pa5i0h911",
            "id": "e9bcbc5jc27jav2vt57m",
            "labels": {},
            "name": "my-subnet",
            "network_id": "enporh5p8os0q0m0r16k",
            "route_table_id": "",
            "timeouts": null,
            "v4_cidr_blocks": [
              "192.168.10.0/24"
            ],
            "v6_cidr_blocks": [],
            "zone": "ru-central1-a"
          },
          "sensitive_attributes": [],
          "private": "eyJlMmJmYjczMC1lY2FhLTExZTYtOGY4OC0zNDM2M2JjN2M0YzAiOnsiY3JlYXRlIjoxODAwMDAwMDAwMDAsImRlbGV0ZSI6MTgwMDAwMDAwMDAwLCJ1cGRhdGUiOjE4MDAwMDAwMDAwMH19",
          "dependencies": [
            "data.yandex_vpc_network.default"
          ]
        }
      ]
    }
  ],
  "check_results": null
}
